
Microsoft Visual Studio Solution File, Format Version 12.00
# Visual Studio Version 17
VisualStudioVersion = 17.14.36414.22
MinimumVisualStudioVersion = 10.0.40219.1
Project("{FAE04EC0-301F-11D3-BF4B-00C04F79EFBC}") = "Homework#1", "Homework#1\Homework#1.csproj", "{13F5D4C2-01DC-4762-BB72-CC611CCE4355}"
EndProject
Project("{FAE04EC0-301F-11D3-BF4B-00C04F79EFBC}") = "Homework#2", "Homework#2\Homework#2.csproj", "{578EDA0C-4723-490F-9813-0620580070DC}"
EndProject
Project("{FAE04EC0-301F-11D3-BF4B-00C04F79EFBC}") = "Homework#3", "Homework#3\Homework#3.csproj", "{9E8991C7-E298-46E0-90C2-7BD4A365B680}"
EndProject
Project("{FAE04EC0-301F-11D3-BF4B-00C04F79EFBC}") = "Homework#5", "Homework#5\Homework#5.csproj", "{925E4393-9D23-4D29-9363-F3B13BEE4FAF}"
EndProject
Project("{FAE04EC0-301F-11D3-BF4B-00C04F79EFBC}") = "Homework#6", "Homework#6\Homework#6.csproj", "{B7FD10CE-F4F4-4D28-8F8A-A89F3DB7BEB4}"
EndProject
Project("{FAE04EC0-301F-11D3-BF4B-00C04F79EFBC}") = "Homework#7", "Homework#7\Homework#7.csproj", "{3F741C93-D3C2-44BD-8DD3-FDF63F099CE3}"
EndProject
Project("{FAE04EC0-301F-11D3-BF4B-00C04F79EFBC}") = "Homework#8", "Homework#8\Homework#8.csproj", "{1C21CEF2-02CA-4541-974D-7A74DC78B0EF}"
EndProject
Project("{FAE04EC0-301F-11D3-BF4B-00C04F79EFBC}") = "Homework#9", "Homework#9\Homework#9.csproj", "{B0CEFFF0-7FA9-4BA7-B5A8-1600B3F11D8A}"
EndProject
Global
	GlobalSection(SolutionConfigurationPlatforms) = preSolution
		Debug|Any CPU = Debug|Any CPU
		Release|Any CPU = Release|Any CPU
	EndGlobalSection
	GlobalSection(ProjectConfigurationPlatforms) = postSolution
		{13F5D4C2-01DC-4762-BB72-CC611CCE4355}.Debug|Any CPU.ActiveCfg = Debug|Any CPU
		{13F5D4C2-01DC-4762-BB72-CC611CCE4355}.Debug|Any CPU.Build.0 = Debug|Any CPU
		{13F5D4C2-01DC-4762-BB72-CC611CCE4355}.Release|Any CPU.ActiveCfg = Release|Any CPU
		{13F5D4C2-01DC-4762-BB72-CC611CCE4355}.Release|Any CPU.Build.0 = Release|Any CPU
		{578EDA0C-4723-490F-9813-0620580070DC}.Debug|Any CPU.ActiveCfg = Debug|Any CPU
		{578EDA0C-4723-490F-9813-0620580070DC}.Debug|Any CPU.Build.0 = Debug|Any CPU
		{578EDA0C-4723-490F-9813-0620580070DC}.Release|Any CPU.ActiveCfg = Release|Any CPU
		{578EDA0C-4723-490F-9813-0620580070DC}.Release|Any CPU.Build.0 = Release|Any CPU
		{9E8991C7-E298-46E0-90C2-7BD4A365B680}.Debug|Any CPU.ActiveCfg = Debug|Any CPU
		{9E8991C7-E298-46E0-90C2-7BD4A365B680}.Debug|Any CPU.Build.0 = Debug|Any CPU
		{9E8991C7-E298-46E0-90C2-7BD4A365B680}.Release|Any CPU.ActiveCfg = Release|Any CPU
		{9E8991C7-E298-46E0-90C2-7BD4A365B680}.Release|Any CPU.Build.0 = Release|Any CPU
		{925E4393-9D23-4D29-9363-F3B13BEE4FAF}.Debug|Any CPU.ActiveCfg = Debug|Any CPU
		{925E4393-9D23-4D29-9363-F3B13BEE4FAF}.Debug|Any CPU.Build.0 = Debug|Any CPU
		{925E4393-9D23-4D29-9363-F3B13BEE4FAF}.Release|Any CPU.ActiveCfg = Release|Any CPU
		{925E4393-9D23-4D29-9363-F3B13BEE4FAF}.Release|Any CPU.Build.0 = Release|Any CPU
		{B7FD10CE-F4F4-4D28-8F8A-A89F3DB7BEB4}.Debug|Any CPU.ActiveCfg = Debug|Any CPU
		{B7FD10CE-F4F4-4D28-8F8A-A89F3DB7BEB4}.Debug|Any CPU.Build.0 = Debug|Any CPU
		{B7FD10CE-F4F4-4D28-8F8A-A89F3DB7BEB4}.Release|Any CPU.ActiveCfg = Release|Any CPU
		{B7FD10CE-F4F4-4D28-8F8A-A89F3DB7BEB4}.Release|Any CPU.Build.0 = Release|Any CPU
		{3F741C93-D3C2-44BD-8DD3-FDF63F099CE3}.Debug|Any CPU.ActiveCfg = Debug|Any CPU
		{3F741C93-D3C2-44BD-8DD3-FDF63F099CE3}.Debug|Any CPU.Build.0 = Debug|Any CPU
		{3F741C93-D3C2-44BD-8DD3-FDF63F099CE3}.Release|Any CPU.ActiveCfg = Release|Any CPU
		{3F741C93-D3C2-44BD-8DD3-FDF63F099CE3}.Release|Any CPU.Build.0 = Release|Any CPU
		{1C21CEF2-02CA-4541-974D-7A74DC78B0EF}.Debug|Any CPU.ActiveCfg = Debug|Any CPU
		{1C21CEF2-02CA-4541-974D-7A74DC78B0EF}.Debug|Any CPU.Build.0 = Debug|Any CPU
		{1C21CEF2-02CA-4541-974D-7A74DC78B0EF}.Release|Any CPU.ActiveCfg = Release|Any CPU
		{1C21CEF2-02CA-4541-974D-7A74DC78B0EF}.Release|Any CPU.Build.0 = Release|Any CPU
		{B0CEFFF0-7FA9-4BA7-B5A8-1600B3F11D8A}.Debug|Any CPU.ActiveCfg = Debug|Any CPU
		{B0CEFFF0-7FA9-4BA7-B5A8-1600B3F11D8A}.Debug|Any CPU.Build.0 = Debug|Any CPU
		{B0CEFFF0-7FA9-4BA7-B5A8-1600B3F11D8A}.Release|Any CPU.ActiveCfg = Release|Any CPU
		{B0CEFFF0-7FA9-4BA7-B5A8-1600B3F11D8A}.Release|Any CPU.Build.0 = Release|Any CPU
	EndGlobalSection
	GlobalSection(SolutionProperties) = preSolution
		HideSolutionNode = FALSE
	EndGlobalSection
	GlobalSection(ExtensibilityGlobals) = postSolution
		SolutionGuid = {958F5F18-AA5F-4A35-82EB-756DE1517D9C}
	EndGlobalSection
EndGlobal
